// !$*UTF8*$!
{
	archiveVersion = 1;
	classes = {
	};
	objectVersion = 56;
	objects = {

/* Begin PBXBuildFile section */
		2A6CF5D32B4B86B4004823BB /* RevenueCatDemoApp.swift in Sources */ = {isa = PBXBuildFile; fileRef = 2A6CF5D22B4B86B4004823BB /* RevenueCatDemoApp.swift */; };
		2A6CF5D52B4B86B4004823BB /* ContentView.swift in Sources */ = {isa = PBXBuildFile; fileRef = 2A6CF5D42B4B86B4004823BB /* ContentView.swift */; };
		2A6CF5D72B4B86B5004823BB /* Assets.xcassets in Resources */ = {isa = PBXBuildFile; fileRef = 2A6CF5D62B4B86B5004823BB /* Assets.xcassets */; };
		2A6CF5DA2B4B86B5004823BB /* Preview Assets.xcassets in Resources */ = {isa = PBXBuildFile; fileRef = 2A6CF5D92B4B86B5004823BB /* Preview Assets.xcassets */; };
		2A6CF5E12B4B87C4004823BB /* ProView.swift in Sources */ = {isa = PBXBuildFile; fileRef = 2A6CF5E02B4B87C4004823BB /* ProView.swift */; };
		2A6CF5E42B4BBD2A004823BB /* RevenueCat in Frameworks */ = {isa = PBXBuildFile; productRef = 2A6CF5E32B4BBD2A004823BB /* RevenueCat */; };
		2A6CF5E62B4BBD2A004823BB /* RevenueCatUI in Frameworks */ = {isa = PBXBuildFile; productRef = 2A6CF5E52B4BBD2A004823BB /* RevenueCatUI */; };
		2A6CF5E82B4BC134004823BB /* TabBar.swift in Sources */ = {isa = PBXBuildFile; fileRef = 2A6CF5E72B4BC134004823BB /* TabBar.swift */; };
/* End PBXBuildFile section */

/* Begin PBXFileReference section */
		2A6CF5CF2B4B86B4004823BB /* RevenueCatDemo.app */ = {isa = PBXFileReference; explicitFileType = wrapper.application; includeInIndex = 0; path = RevenueCatDemo.app; sourceTree = BUILT_PRODUCTS_DIR; };
		2A6CF5D22B4B86B4004823BB /* RevenueCatDemoApp.swift */ = {isa = PBXFileReference; lastKnownFileType = sourcecode.swift; path = RevenueCatDemoApp.swift; sourceTree = "<group>"; };
		2A6CF5D42B4B86B4004823BB /* ContentView.swift */ = {isa = PBXFileReference; lastKnownFileType = sourcecode.swift; path = ContentView.swift; sourceTree = "<group>"; };
		2A6CF5D62B4B86B5004823BB /* Assets.xcassets */ = {isa = PBXFileReference; lastKnownFileType = folder.assetcatalog; path = Assets.xcassets; sourceTree = "<group>"; };
		2A6CF5D92B4B86B5004823BB /* Preview Assets.xcassets */ = {isa = PBXFileReference; lastKnownFileType = folder.assetcatalog; path = "Preview Assets.xcassets"; sourceTree = "<group>"; };
		2A6CF5E02B4B87C4004823BB /* ProView.swift */ = {isa = PBXFileReference; lastKnownFileType = sourcecode.swift; path = ProView.swift; sourceTree = "<group>"; };
		2A6CF5E72B4BC134004823BB /* TabBar.swift */ = {isa = PBXFileReference; lastKnownFileType = sourcecode.swift; path = TabBar.swift; sourceTree = "<group>"; };
/* End PBXFileReference section */

/* Begin PBXFrameworksBuildPhase section */
		2A6CF5CC2B4B86B4004823BB /* Frameworks */ = {
			isa = PBXFrameworksBuildPhase;
			buildActionMask = 2147483647;
			files = (
				2A6CF5E62B4BBD2A004823BB /* RevenueCatUI in Frameworks */,
				2A6CF5E42B4BBD2A004823BB /* RevenueCat in Frameworks */,
			);
			runOnlyForDeploymentPostprocessing = 0;
		};
/* End PBXFrameworksBuildPhase section */

/* Begin PBXGroup section */
		2A6CF5C62B4B86B4004823BB = {
			isa = PBXGroup;
			children = (
				2A6CF5D12B4B86B4004823BB /* RevenueCatDemo */,
				2A6CF5D02B4B86B4004823BB /* Products */,
			);
			sourceTree = "<group>";
		};
		2A6CF5D02B4B86B4004823BB /* Products */ = {
			isa = PBXGroup;
			children = (
				2A6CF5CF2B4B86B4004823BB /* RevenueCatDemo.app */,
			);
			name = Products;
			sourceTree = "<group>";
		};
		2A6CF5D12B4B86B4004823BB /* RevenueCatDemo */ = {
			isa = PBXGroup;
			children = (
				2A6CF5D22B4B86B4004823BB /* RevenueCatDemoApp.swift */,
				2A6CF5D42B4B86B4004823BB /* ContentView.swift */,
				2A6CF5D62B4B86B5004823BB /* Assets.xcassets */,
				2A6CF5D82B4B86B5004823BB /* Preview Content */,
				2A6CF5E02B4B87C4004823BB /* ProView.swift */,
				2A6CF5E72B4BC134004823BB /* TabBar.swift */,
			);
			path = RevenueCatDemo;
			sourceTree = "<group>";
		};
		2A6CF5D82B4B86B5004823BB /* Preview Content */ = {
			isa = PBXGroup;
			children = (
				2A6CF5D92B4B86B5004823BB /* Preview Assets.xcassets */,
			);
			path = "Preview Content";
			sourceTree = "<group>";
		};
/* End PBXGroup section */

/* Begin PBXNativeTarget section */
		2A6CF5CE2B4B86B4004823BB /* RevenueCatDemo */ = {
			isa = PBXNativeTarget;
			buildConfigurationList = 2A6CF5DD2B4B86B5004823BB /* Build configuration list for PBXNativeTarget "RevenueCatDemo" */;
			buildPhases = (
				2A6CF5CB2B4B86B4004823BB /* Sources */,
				2A6CF5CC2B4B86B4004823BB /* Frameworks */,
				2A6CF5CD2B4B86B4004823BB /* Resources */,
			);
			buildRules = (
			);
			dependencies = (
			);
			name = RevenueCatDemo;
			packageProductDependencies = (
				2A6CF5E32B4BBD2A004823BB /* RevenueCat */,
				2A6CF5E52B4BBD2A004823BB /* RevenueCatUI */,
			);
			productName = RevenueCatDemo;
			productReference = 2A6CF5CF2B4B86B4004823BB /* RevenueCatDemo.app */;
			productType = "com.apple.product-type.application";
		};
/* End PBXNativeTarget section */

/* Begin PBXProject section */
		2A6CF5C72B4B86B4004823BB /* Project object */ = {
			isa = PBXProject;
			attributes = {
				BuildIndependentTargetsInParallel = 1;
				LastSwiftUpdateCheck = 1510;
				LastUpgradeCheck = 1510;
				TargetAttributes = {
					2A6CF5CE2B4B86B4004823BB = {
						CreatedOnToolsVersion = 15.1;
					};
				};
			};
			buildConfigurationList = 2A6CF5CA2B4B86B4004823BB /* Build configuration list for PBXProject "RevenueCatDemo" */;
			compatibilityVersion = "Xcode 14.0";
			developmentRegion = en;
			hasScannedForEncodings = 0;
			knownRegions = (
				en,
				Base,
			);
			mainGroup = 2A6CF5C62B4B86B4004823BB;
			packageReferences = (
				2A6CF5E22B4BBD29004823BB /* XCRemoteSwiftPackageReference "purchases-ios" */,
			);
			productRefGroup = 2A6CF5D02B4B86B4004823BB /* Products */;
			projectDirPath = "";
			projectRoot = "";
			targets = (
				2A6CF5CE2B4B86B4004823BB /* RevenueCatDemo */,
			);
		};
/* End PBXProject section */

/* Begin PBXResourcesBuildPhase section */
		2A6CF5CD2B4B86B4004823BB /* Resources */ = {
			isa = PBXResourcesBuildPhase;
			buildActionMask = 2147483647;
			files = (
				2A6CF5DA2B4B86B5004823BB /* Preview Assets.xcassets in Resources */,
				2A6CF5D72B4B86B5004823BB /* Assets.xcassets in Resources */,
			);
			runOnlyForDeploymentPostprocessing = 0;
		};
/* End PBXResourcesBuildPhase section */

/* Begin PBXSourcesBuildPhase section */
		2A6CF5CB2B4B86B4004823BB /* Sources */ = {
			isa = PBXSourcesBuildPhase;
			buildActionMask = 2147483647;
			files = (
				2A6CF5D52B4B86B4004823BB /* ContentView.swift in Sources */,
				2A6CF5D32B4B86B4004823BB /* RevenueCatDemoApp.swift in Sources */,
				2A6CF5E12B4B87C4004823BB /* ProView.swift in Sources */,
				2A6CF5E82B4BC134004823BB /* TabBar.swift in Sources */,
			);
			runOnlyForDeploymentPostprocessing = 0;
		};
/* End PBXSourcesBuildPhase section */

/* Begin XCBuildConfiguration section */
		2A6CF5DB2B4B86B5004823BB /* Debug */ = {
			isa = XCBuildConfiguration;
			buildSettings = {
				ALWAYS_SEARCH_USER_PATHS = NO;
				ASSETCATALOG_COMPILER_GENERATE_SWIFT_ASSET_SYMBOL_EXTENSIONS = YES;
				CLANG_ANALYZER_NONNULL = YES;
				CLANG_ANALYZER_NUMBER_OBJECT_CONVERSION = YES_AGGRESSIVE;
				CLANG_CXX_LANGUAGE_STANDARD = "gnu++20";
				CLANG_ENABLE_MODULES = YES;
				CLANG_ENABLE_OBJC_ARC = YES;
				CLANG_ENABLE_OBJC_WEAK = YES;
				CLANG_WARN_BLOCK_CAPTURE_AUTORELEASING = YES;
				CLANG_WARN_BOOL_CONVERSION = YES;
				CLANG_WARN_COMMA = YES;
				CLANG_WARN_CONSTANT_CONVERSION = YES;
				CLANG_WARN_DEPRECATED_OBJC_IMPLEMENTATIONS = YES;
				CLANG_WARN_DIRECT_OBJC_ISA_USAGE = YES_ERROR;
				CLANG_WARN_DOCUMENTATION_COMMENTS = YES;
				CLANG_WARN_EMPTY_BODY = YES;
				CLANG_WARN_ENUM_CONVERSION = YES;
				CLANG_WARN_INFINITE_RECURSION = YES;
				CLANG_WARN_INT_CONVERSION = YES;
				CLANG_WARN_NON_LITERAL_NULL_CONVERSION = YES;
				CLANG_WARN_OBJC_IMPLICIT_RETAIN_SELF = YES;
				CLANG_WARN_OBJC_LITERAL_CONVERSION = YES;
				CLANG_WARN_OBJC_ROOT_CLASS = YES_ERROR;
				CLANG_WARN_QUOTED_INCLUDE_IN_FRAMEWORK_HEADER = YES;
				CLANG_WARN_RANGE_LOOP_ANALYSIS = YES;
				CLANG_WARN_STRICT_PROTOTYPES = YES;
				CLANG_WARN_SUSPICIOUS_MOVE = YES;
				CLANG_WARN_UNGUARDED_AVAILABILITY = YES_AGGRESSIVE;
				CLANG_WARN_UNREACHABLE_CODE = YES;
				CLANG_WARN__DUPLICATE_METHOD_MATCH = YES;
				COPY_PHASE_STRIP = NO;
				DEBUG_INFORMATION_FORMAT = dwarf;
				ENABLE_STRICT_OBJC_MSGSEND = YES;
				ENABLE_TESTABILITY = YES;
				ENABLE_USER_SCRIPT_SANDBOXING = YES;
				GCC_C_LANGUAGE_STANDARD = gnu17;
				GCC_DYNAMIC_NO_PIC = NO;
				GCC_NO_COMMON_BLOCKS = YES;
				GCC_OPTIMIZATION_LEVEL = 0;
				GCC_PREPROCESSOR_DEFINITIONS = (
					"DEBUG=1",
					"$(inherited)",
				);
				GCC_WARN_64_TO_32_BIT_CONVERSION = YES;
				GCC_WARN_ABOUT_RETURN_TYPE = YES_ERROR;
				GCC_WARN_UNDECLARED_SELECTOR = YES;
				GCC_WARN_UNINITIALIZED_AUTOS = YES_AGGRESSIVE;
				GCC_WARN_UNUSED_FUNCTION = YES;
				GCC_WARN_UNUSED_VARIABLE = YES;
				IPHONEOS_DEPLOYMENT_TARGET = 17.2;
				LOCALIZATION_PREFERS_STRING_CATALOGS = YES;
				MTL_ENABLE_DEBUG_INFO = INCLUDE_SOURCE;
				MTL_FAST_MATH = YES;
				ONLY_ACTIVE_ARCH = YES;
				SDKROOT = iphoneos;
				SWIFT_ACTIVE_COMPILATION_CONDITIONS = "DEBUG $(inherited)";
				SWIFT_OPTIMIZATION_LEVEL = "-Onone";
			};
			name = Debug;
		};
		2A6CF5DC2B4B86B5004823BB /* Release */ = {
			isa = XCBuildConfiguration;
			buildSettings = {
				ALWAYS_SEARCH_USER_PATHS = NO;
				ASSETCATALOG_COMPILER_GENERATE_SWIFT_ASSET_SYMBOL_EXTENSIONS = YES;
				CLANG_ANALYZER_NONNULL = YES;
				CLANG_ANALYZER_NUMBER_OBJECT_CONVERSION = YES_AGGRESSIVE;
				CLANG_CXX_LANGUAGE_STANDARD = "gnu++20";
				CLANG_ENABLE_MODULES = YES;
				CLANG_ENABLE_OBJC_ARC = YES;
				CLANG_ENABLE_OBJC_WEAK = YES;
				CLANG_WARN_BLOCK_CAPTURE_AUTORELEASING = YES;
				CLANG_WARN_BOOL_CONVERSION = YES;
				CLANG_WARN_COMMA = YES;
				CLANG_WARN_CONSTANT_CONVERSION = YES;
				CLANG_WARN_DEPRECATED_OBJC_IMPLEMENTATIONS = YES;
				CLANG_WARN_DIRECT_OBJC_ISA_USAGE = YES_ERROR;
				CLANG_WARN_DOCUMENTATION_COMMENTS = YES;
				CLANG_WARN_EMPTY_BODY = YES;
				CLANG_WARN_ENUM_CONVERSION = YES;
				CLANG_WARN_INFINITE_RECURSION = YES;
				CLANG_WARN_INT_CONVERSION = YES;
				CLANG_WARN_NON_LITERAL_NULL_CONVERSION = YES;
				CLANG_WARN_OBJC_IMPLICIT_RETAIN_SELF = YES;
				CLANG_WARN_OBJC_LITERAL_CONVERSION = YES;
				CLANG_WARN_OBJC_ROOT_CLASS = YES_ERROR;
				CLANG_WARN_QUOTED_INCLUDE_IN_FRAMEWORK_HEADER = YES;
				CLANG_WARN_RANGE_LOOP_ANALYSIS = YES;
				CLANG_WARN_STRICT_PROTOTYPES = YES;
				CLANG_WARN_SUSPICIOUS_MOVE = YES;
				CLANG_WARN_UNGUARDED_AVAILABILITY = YES_AGGRESSIVE;
				CLANG_WARN_UNREACHABLE_CODE = YES;
				CLANG_WARN__DUPLICATE_METHOD_MATCH = YES;
				COPY_PHASE_STRIP = NO;
				DEBUG_INFORMATION_FORMAT = "dwarf-with-dsym";
				ENABLE_NS_ASSERTIONS = NO;
				ENABLE_STRICT_OBJC_MSGSEND = YES;
				ENABLE_USER_SCRIPT_SANDBOXING = YES;
				GCC_C_LANGUAGE_STANDARD = gnu17;
				GCC_NO_COMMON_BLOCKS = YES;
				GCC_WARN_64_TO_32_BIT_CONVERSION = YES;
				GCC_WARN_ABOUT_RETURN_TYPE = YES_ERROR;
				GCC_WARN_UNDECLARED_SELECTOR = YES;
				GCC_WARN_UNINITIALIZED_AUTOS = YES_AGGRESSIVE;
				GCC_WARN_UNUSED_FUNCTION = YES;
				GCC_WARN_UNUSED_VARIABLE = YES;
				IPHONEOS_DEPLOYMENT_TARGET = 17.2;
				LOCALIZATION_PREFERS_STRING_CATALOGS = YES;
				MTL_ENABLE_DEBUG_INFO = NO;
				MTL_FAST_MATH = YES;
				SDKROOT = iphoneos;
				SWIFT_COMPILATION_MODE = wholemodule;
				VALIDATE_PRODUCT = YES;
			};
			name = Release;
		};
		2A6CF5DE2B4B86B5004823BB /* Debug */ = {
			isa = XCBuildConfiguration;
			buildSettings = {
				ASSETCATALOG_COMPILER_APPICON_NAME = AppIcon;
				ASSETCATALOG_COMPILER_GLOBAL_ACCENT_COLOR_NAME = AccentColor;
				CODE_SIGN_STYLE = Automatic;
				CURRENT_PROJECT_VERSION = 1;
				DEVELOPMENT_ASSET_PATHS = "\"RevenueCatDemo/Preview Content\"";
				DEVELOPMENT_TEAM = 476QK54UU2;
				ENABLE_PREVIEWS = YES;
				GENERATE_INFOPLIST_FILE = YES;
				INFOPLIST_KEY_UIApplicationSceneManifest_Generation = YES;
				INFOPLIST_KEY_UIApplicationSupportsIndirectInputEvents = YES;
				INFOPLIST_KEY_UILaunchScreen_Generation = YES;
				INFOPLIST_KEY_UISupportedInterfaceOrientations_iPad = "UIInterfaceOrientationPortrait UIInterfaceOrientationPortraitUpsideDown UIInterfaceOrientationLandscapeLeft UIInterfaceOrientationLandscapeRight";
				INFOPLIST_KEY_UISupportedInterfaceOrientations_iPhone = "UIInterfaceOrientationPortrait UIInterfaceOrientationLandscapeLeft UIInterfaceOrientationLandscapeRight";
				LD_RUNPATH_SEARCH_PATHS = (
					"$(inherited)",
					"@executable_path/Frameworks",
				);
				MARKETING_VERSION = 1.0;
				PRODUCT_BUNDLE_IDENTIFIER = "com.it-guy.RevenueCatDemo";
				PRODUCT_NAME = "$(TARGET_NAME)";
				SWIFT_EMIT_LOC_STRINGS = YES;
				SWIFT_VERSION = 5.0;
				TARGETED_DEVICE_FAMILY = "1,2";
			};
			name = Debug;
		};
		2A6CF5DF2B4B86B5004823BB /* Release */ = {
			isa = XCBuildConfiguration;
			buildSettings = {
				ASSETCATALOG_COMPILER_APPICON_NAME = AppIcon;
				ASSETCATALOG_COMPILER_GLOBAL_ACCENT_COLOR_NAME = AccentColor;
				CODE_SIGN_STYLE = Automatic;
				CURRENT_PROJECT_VERSION = 1;
				DEVELOPMENT_ASSET_PATHS = "\"RevenueCatDemo/Preview Content\"";
				DEVELOPMENT_TEAM = 476QK54UU2;
				ENABLE_PREVIEWS = YES;
				GENERATE_INFOPLIST_FILE = YES;
				INFOPLIST_KEY_UIApplicationSceneManifest_Generation = YES;
				INFOPLIST_KEY_UIApplicationSupportsIndirectInputEvents = YES;
				INFOPLIST_KEY_UILaunchScreen_Generation = YES;
				INFOPLIST_KEY_UISupportedInterfaceOrientations_iPad = "UIInterfaceOrientationPortrait UIInterfaceOrientationPortraitUpsideDown UIInterfaceOrientationLandscapeLeft UIInterfaceOrientationLandscapeRight";
				INFOPLIST_KEY_UISupportedInterfaceOrientations_iPhone = "UIInterfaceOrientationPortrait UIInterfaceOrientationLandscapeLeft UIInterfaceOrientationLandscapeRight";
				LD_RUNPATH_SEARCH_PATHS = (
					"$(inherited)",
					"@executable_path/Frameworks",
				);
				MARKETING_VERSION = 1.0;
				PRODUCT_BUNDLE_IDENTIFIER = "com.it-guy.RevenueCatDemo";
				PRODUCT_NAME = "$(TARGET_NAME)";
				SWIFT_EMIT_LOC_STRINGS = YES;
				SWIFT_VERSION = 5.0;
				TARGETED_DEVICE_FAMILY = "1,2";
			};
			name = Release;
		};
/* End XCBuildConfiguration section */

/* Begin XCConfigurationList section */
		2A6CF5CA2B4B86B4004823BB /* Build configuration list for PBXProject "RevenueCatDemo" */ = {
			isa = XCConfigurationList;
			buildConfigurations = (
				2A6CF5DB2B4B86B5004823BB /* Debug */,
				2A6CF5DC2B4B86B5004823BB /* Release */,
			);
			defaultConfigurationIsVisible = 0;
			defaultConfigurationName = Release;
		};
		2A6CF5DD2B4B86B5004823BB /* Build configuration list for PBXNativeTarget "RevenueCatDemo" */ = {
			isa = XCConfigurationList;
			buildConfigurations = (
				2A6CF5DE2B4B86B5004823BB /* Debug */,
				2A6CF5DF2B4B86B5004823BB /* Release */,
			);
			defaultConfigurationIsVisible = 0;
			defaultConfigurationName = Release;
		};
/* End XCConfigurationList section */

/* Begin XCRemoteSwiftPackageReference section */
		2A6CF5E22B4BBD29004823BB /* XCRemoteSwiftPackageReference "purchases-ios" */ = {
			isa = XCRemoteSwiftPackageReference;
			repositoryURL = "https://github.com/RevenueCat/purchases-ios";
			requirement = {
				kind = upToNextMajorVersion;
				minimumVersion = 4.31.6;
			};
		};
/* End XCRemoteSwiftPackageReference section */

/* Begin XCSwiftPackageProductDependency section */
		2A6CF5E32B4BBD2A004823BB /* RevenueCat */ = {
			isa = XCSwiftPackageProductDependency;
			package = 2A6CF5E22B4BBD29004823BB /* XCRemoteSwiftPackageReference "purchases-ios" */;
			productName = RevenueCat;
		};
		2A6CF5E52B4BBD2A004823BB /* RevenueCatUI */ = {
			isa = XCSwiftPackageProductDependency;
			package = 2A6CF5E22B4BBD29004823BB /* XCRemoteSwiftPackageReference "purchases-ios" */;
			productName = RevenueCatUI;
		};
/* End XCSwiftPackageProductDependency section */
	};
	rootObject = 2A6CF5C72B4B86B4004823BB /* Project object */;
}
